
Microsoft Visual Studio Solution File, Format Version 12.00
# Visual Studio Version 17
VisualStudioVersion = 17.5.002.0
MinimumVisualStudioVersion = 10.0.40219.1
Project("{9A19103F-16F7-4668-BE54-9A1E7A4F7556}") = "ExamenParcial", "ExamenParcial.csproj", "{7FEABA3D-B8B6-4628-8E5B-186F4043DB6E}"
EndProject
Global
	GlobalSection(SolutionConfigurationPlatforms) = preSolution
		Debug|Any CPU = Debug|Any CPU
		Release|Any CPU = Release|Any CPU
	EndGlobalSection
	GlobalSection(ProjectConfigurationPlatforms) = postSolution
		{7FEABA3D-B8B6-4628-8E5B-186F4043DB6E}.Debug|Any CPU.ActiveCfg = Debug|Any CPU
		{7FEABA3D-B8B6-4628-8E5B-186F4043DB6E}.Debug|Any CPU.Build.0 = Debug|Any CPU
		{7FEABA3D-B8B6-4628-8E5B-186F4043DB6E}.Release|Any CPU.ActiveCfg = Release|Any CPU
		{7FEABA3D-B8B6-4628-8E5B-186F4043DB6E}.Release|Any CPU.Build.0 = Release|Any CPU
	EndGlobalSection
	GlobalSection(SolutionProperties) = preSolution
		HideSolutionNode = FALSE
	EndGlobalSection
	GlobalSection(ExtensibilityGlobals) = postSolution
		SolutionGuid = {ADEC51C0-D319-4A0C-AE08-E109F29A02FF}
	EndGlobalSection
EndGlobal
